
Microsoft Visual Studio Solution File, Format Version 12.00
# Visual Studio Version 16
VisualStudioVersion = 16.0.30907.101
MinimumVisualStudioVersion = 10.0.40219.1
Project("{FAE04EC0-301F-11D3-BF4B-00C04F79EFBC}") = "POO", "POO\POO.csproj", "{2AABFA84-70C2-4B44-9DAE-15246C0FCF71}"
EndProject
Global
	GlobalSection(SolutionConfigurationPlatforms) = preSolution
		Debug|Any CPU = Debug|Any CPU
		Release|Any CPU = Release|Any CPU
	EndGlobalSection
	GlobalSection(ProjectConfigurationPlatforms) = postSolution
		{2AABFA84-70C2-4B44-9DAE-15246C0FCF71}.Debug|Any CPU.ActiveCfg = Debug|Any CPU
		{2AABFA84-70C2-4B44-9DAE-15246C0FCF71}.Debug|Any CPU.Build.0 = Debug|Any CPU
		{2AABFA84-70C2-4B44-9DAE-15246C0FCF71}.Release|Any CPU.ActiveCfg = Release|Any CPU
		{2AABFA84-70C2-4B44-9DAE-15246C0FCF71}.Release|Any CPU.Build.0 = Release|Any CPU
	EndGlobalSection
	GlobalSection(SolutionProperties) = preSolution
		HideSolutionNode = FALSE
	EndGlobalSection
	GlobalSection(ExtensibilityGlobals) = postSolution
		SolutionGuid = {467E24E5-A7D7-4D7C-B360-E3BA8BB02EC6}
	EndGlobalSection
EndGlobal
